
Microsoft Visual Studio Solution File, Format Version 12.00
# Visual Studio Version 17
VisualStudioVersion = 17.0.32014.148
MinimumVisualStudioVersion = 10.0.40219.1
Project("{FAE04EC0-301F-11D3-BF4B-00C04F79EFBC}") = "SegundoDesafio", "SegundoDesafio\SegundoDesafio.csproj", "{D32BFB78-E61A-4EBF-A5BA-B75FB5E34C9F}"
EndProject
Global
	GlobalSection(SolutionConfigurationPlatforms) = preSolution
		Debug|Any CPU = Debug|Any CPU
		Release|Any CPU = Release|Any CPU
	EndGlobalSection
	GlobalSection(ProjectConfigurationPlatforms) = postSolution
		{D32BFB78-E61A-4EBF-A5BA-B75FB5E34C9F}.Debug|Any CPU.ActiveCfg = Debug|Any CPU
		{D32BFB78-E61A-4EBF-A5BA-B75FB5E34C9F}.Debug|Any CPU.Build.0 = Debug|Any CPU
		{D32BFB78-E61A-4EBF-A5BA-B75FB5E34C9F}.Release|Any CPU.ActiveCfg = Release|Any CPU
		{D32BFB78-E61A-4EBF-A5BA-B75FB5E34C9F}.Release|Any CPU.Build.0 = Release|Any CPU
	EndGlobalSection
	GlobalSection(SolutionProperties) = preSolution
		HideSolutionNode = FALSE
	EndGlobalSection
	GlobalSection(ExtensibilityGlobals) = postSolution
		SolutionGuid = {5AB8646B-F6A6-4ABC-A69E-0C5F5135FBAE}
	EndGlobalSection
EndGlobal
